// !$*UTF8*$!
{
	archiveVersion = 1;
	classes = {
	};
	objectVersion = 50;
	objects = {

/* Begin PBXBuildFile section */
		75519723250A8AE00084C4AD /* AppDelegate.swift in Sources */ = {isa = PBXBuildFile; fileRef = 75519722250A8AE00084C4AD /* AppDelegate.swift */; };
		75519725250A8AE00084C4AD /* SceneDelegate.swift in Sources */ = {isa = PBXBuildFile; fileRef = 75519724250A8AE00084C4AD /* SceneDelegate.swift */; };
		75519727250A8AE00084C4AD /* FirstTable.swift in Sources */ = {isa = PBXBuildFile; fileRef = 75519726250A8AE00084C4AD /* FirstTable.swift */; };
		7551972A250A8AE00084C4AD /* Main.storyboard in Resources */ = {isa = PBXBuildFile; fileRef = 75519728250A8AE00084C4AD /* Main.storyboard */; };
		7551972C250A8AE50084C4AD /* Assets.xcassets in Resources */ = {isa = PBXBuildFile; fileRef = 7551972B250A8AE50084C4AD /* Assets.xcassets */; };
		7551972F250A8AE50084C4AD /* LaunchScreen.storyboard in Resources */ = {isa = PBXBuildFile; fileRef = 7551972D250A8AE50084C4AD /* LaunchScreen.storyboard */; };
		75519737250AA6810084C4AD /* Person.swift in Sources */ = {isa = PBXBuildFile; fileRef = 75519736250AA6810084C4AD /* Person.swift */; };
		75519739250AA9910084C4AD /* DataManager.swift in Sources */ = {isa = PBXBuildFile; fileRef = 75519738250AA9910084C4AD /* DataManager.swift */; };
		7551973B250B9E010084C4AD /* DetailsFirstViewController.swift in Sources */ = {isa = PBXBuildFile; fileRef = 7551973A250B9E010084C4AD /* DetailsFirstViewController.swift */; };
		7551973D250BCFC00084C4AD /* SecondTableViewController.swift in Sources */ = {isa = PBXBuildFile; fileRef = 7551973C250BCFC00084C4AD /* SecondTableViewController.swift */; };
		7551973F250BD15B0084C4AD /* TabBarViewController.swift in Sources */ = {isa = PBXBuildFile; fileRef = 7551973E250BD15B0084C4AD /* TabBarViewController.swift */; };
/* End PBXBuildFile section */

/* Begin PBXFileReference section */
		7551971F250A8ADF0084C4AD /* TableVIewHomework.app */ = {isa = PBXFileReference; explicitFileType = wrapper.application; includeInIndex = 0; path = TableVIewHomework.app; sourceTree = BUILT_PRODUCTS_DIR; };
		75519722250A8AE00084C4AD /* AppDelegate.swift */ = {isa = PBXFileReference; lastKnownFileType = sourcecode.swift; path = AppDelegate.swift; sourceTree = "<group>"; };
		75519724250A8AE00084C4AD /* SceneDelegate.swift */ = {isa = PBXFileReference; lastKnownFileType = sourcecode.swift; path = SceneDelegate.swift; sourceTree = "<group>"; };
		75519726250A8AE00084C4AD /* FirstTable.swift */ = {isa = PBXFileReference; lastKnownFileType = sourcecode.swift; path = FirstTable.swift; sourceTree = "<group>"; };
		75519729250A8AE00084C4AD /* Base */ = {isa = PBXFileReference; lastKnownFileType = file.storyboard; name = Base; path = Base.lproj/Main.storyboard; sourceTree = "<group>"; };
		7551972B250A8AE50084C4AD /* Assets.xcassets */ = {isa = PBXFileReference; lastKnownFileType = folder.assetcatalog; path = Assets.xcassets; sourceTree = "<group>"; };
		7551972E250A8AE50084C4AD /* Base */ = {isa = PBXFileReference; lastKnownFileType = file.storyboard; name = Base; path = Base.lproj/LaunchScreen.storyboard; sourceTree = "<group>"; };
		75519730250A8AE50084C4AD /* Info.plist */ = {isa = PBXFileReference; lastKnownFileType = text.plist.xml; path = Info.plist; sourceTree = "<group>"; };
		75519736250AA6810084C4AD /* Person.swift */ = {isa = PBXFileReference; lastKnownFileType = sourcecode.swift; path = Person.swift; sourceTree = "<group>"; };
		75519738250AA9910084C4AD /* DataManager.swift */ = {isa = PBXFileReference; lastKnownFileType = sourcecode.swift; path = DataManager.swift; sourceTree = "<group>"; };
		7551973A250B9E010084C4AD /* DetailsFirstViewController.swift */ = {isa = PBXFileReference; lastKnownFileType = sourcecode.swift; path = DetailsFirstViewController.swift; sourceTree = "<group>"; };
		7551973C250BCFC00084C4AD /* SecondTableViewController.swift */ = {isa = PBXFileReference; lastKnownFileType = sourcecode.swift; path = SecondTableViewController.swift; sourceTree = "<group>"; };
		7551973E250BD15B0084C4AD /* TabBarViewController.swift */ = {isa = PBXFileReference; lastKnownFileType = sourcecode.swift; path = TabBarViewController.swift; sourceTree = "<group>"; };
/* End PBXFileReference section */

/* Begin PBXFrameworksBuildPhase section */
		7551971C250A8ADF0084C4AD /* Frameworks */ = {
			isa = PBXFrameworksBuildPhase;
			buildActionMask = 2147483647;
			files = (
			);
			runOnlyForDeploymentPostprocessing = 0;
		};
/* End PBXFrameworksBuildPhase section */

/* Begin PBXGroup section */
		75519716250A8ADF0084C4AD = {
			isa = PBXGroup;
			children = (
				75519721250A8ADF0084C4AD /* TableVIewHomework */,
				75519720250A8ADF0084C4AD /* Products */,
			);
			sourceTree = "<group>";
		};
		75519720250A8ADF0084C4AD /* Products */ = {
			isa = PBXGroup;
			children = (
				7551971F250A8ADF0084C4AD /* TableVIewHomework.app */,
			);
			name = Products;
			sourceTree = "<group>";
		};
		75519721250A8ADF0084C4AD /* TableVIewHomework */ = {
			isa = PBXGroup;
			children = (
				75519722250A8AE00084C4AD /* AppDelegate.swift */,
				75519724250A8AE00084C4AD /* SceneDelegate.swift */,
				75519726250A8AE00084C4AD /* FirstTable.swift */,
				75519728250A8AE00084C4AD /* Main.storyboard */,
				7551973C250BCFC00084C4AD /* SecondTableViewController.swift */,
				7551973E250BD15B0084C4AD /* TabBarViewController.swift */,
				7551973A250B9E010084C4AD /* DetailsFirstViewController.swift */,
				75519736250AA6810084C4AD /* Person.swift */,
				75519738250AA9910084C4AD /* DataManager.swift */,
				7551972B250A8AE50084C4AD /* Assets.xcassets */,
				7551972D250A8AE50084C4AD /* LaunchScreen.storyboard */,
				75519730250A8AE50084C4AD /* Info.plist */,
			);
			path = TableVIewHomework;
			sourceTree = "<group>";
		};
/* End PBXGroup section */

/* Begin PBXNativeTarget section */
		7551971E250A8ADF0084C4AD /* TableVIewHomework */ = {
			isa = PBXNativeTarget;
			buildConfigurationList = 75519733250A8AE50084C4AD /* Build configuration list for PBXNativeTarget "TableVIewHomework" */;
			buildPhases = (
				7551971B250A8ADF0084C4AD /* Sources */,
				7551971C250A8ADF0084C4AD /* Frameworks */,
				7551971D250A8ADF0084C4AD /* Resources */,
			);
			buildRules = (
			);
			dependencies = (
			);
			name = TableVIewHomework;
			productName = TableVIewHomework;
			productReference = 7551971F250A8ADF0084C4AD /* TableVIewHomework.app */;
			productType = "com.apple.product-type.application";
		};
/* End PBXNativeTarget section */

/* Begin PBXProject section */
		75519717250A8ADF0084C4AD /* Project object */ = {
			isa = PBXProject;
			attributes = {
				LastSwiftUpdateCheck = 1170;
				LastUpgradeCheck = 1170;
				ORGANIZATIONNAME = "Andrey Markov";
				TargetAttributes = {
					7551971E250A8ADF0084C4AD = {
						CreatedOnToolsVersion = 11.7;
					};
				};
			};
			buildConfigurationList = 7551971A250A8ADF0084C4AD /* Build configuration list for PBXProject "TableVIewHomework" */;
			compatibilityVersion = "Xcode 9.3";
			developmentRegion = en;
			hasScannedForEncodings = 0;
			knownRegions = (
				en,
				Base,
			);
			mainGroup = 75519716250A8ADF0084C4AD;
			productRefGroup = 75519720250A8ADF0084C4AD /* Products */;
			projectDirPath = "";
			projectRoot = "";
			targets = (
				7551971E250A8ADF0084C4AD /* TableVIewHomework */,
			);
		};
/* End PBXProject section */

/* Begin PBXResourcesBuildPhase section */
		7551971D250A8ADF0084C4AD /* Resources */ = {
			isa = PBXResourcesBuildPhase;
			buildActionMask = 2147483647;
			files = (
				7551972F250A8AE50084C4AD /* LaunchScreen.storyboard in Resources */,
				7551972C250A8AE50084C4AD /* Assets.xcassets in Resources */,
				7551972A250A8AE00084C4AD /* Main.storyboard in Resources */,
			);
			runOnlyForDeploymentPostprocessing = 0;
		};
/* End PBXResourcesBuildPhase section */

/* Begin PBXSourcesBuildPhase section */
		7551971B250A8ADF0084C4AD /* Sources */ = {
			isa = PBXSourcesBuildPhase;
			buildActionMask = 2147483647;
			files = (
				7551973F250BD15B0084C4AD /* TabBarViewController.swift in Sources */,
				7551973B250B9E010084C4AD /* DetailsFirstViewController.swift in Sources */,
				75519727250A8AE00084C4AD /* FirstTable.swift in Sources */,
				75519739250AA9910084C4AD /* DataManager.swift in Sources */,
				75519723250A8AE00084C4AD /* AppDelegate.swift in Sources */,
				7551973D250BCFC00084C4AD /* SecondTableViewController.swift in Sources */,
				75519737250AA6810084C4AD /* Person.swift in Sources */,
				75519725250A8AE00084C4AD /* SceneDelegate.swift in Sources */,
			);
			runOnlyForDeploymentPostprocessing = 0;
		};
/* End PBXSourcesBuildPhase section */

/* Begin PBXVariantGroup section */
		75519728250A8AE00084C4AD /* Main.storyboard */ = {
			isa = PBXVariantGroup;
			children = (
				75519729250A8AE00084C4AD /* Base */,
			);
			name = Main.storyboard;
			sourceTree = "<group>";
		};
		7551972D250A8AE50084C4AD /* LaunchScreen.storyboard */ = {
			isa = PBXVariantGroup;
			children = (
				7551972E250A8AE50084C4AD /* Base */,
			);
			name = LaunchScreen.storyboard;
			sourceTree = "<group>";
		};
/* End PBXVariantGroup section */

/* Begin XCBuildConfiguration section */
		75519731250A8AE50084C4AD /* Debug */ = {
			isa = XCBuildConfiguration;
			buildSettings = {
				ALWAYS_SEARCH_USER_PATHS = NO;
				CLANG_ANALYZER_NONNULL = YES;
				CLANG_ANALYZER_NUMBER_OBJECT_CONVERSION = YES_AGGRESSIVE;
				CLANG_CXX_LANGUAGE_STANDARD = "gnu++14";
				CLANG_CXX_LIBRARY = "libc++";
				CLANG_ENABLE_MODULES = YES;
				CLANG_ENABLE_OBJC_ARC = YES;
				CLANG_ENABLE_OBJC_WEAK = YES;
				CLANG_WARN_BLOCK_CAPTURE_AUTORELEASING = YES;
				CLANG_WARN_BOOL_CONVERSION = YES;
				CLANG_WARN_COMMA = YES;
				CLANG_WARN_CONSTANT_CONVERSION = YES;
				CLANG_WARN_DEPRECATED_OBJC_IMPLEMENTATIONS = YES;
				CLANG_WARN_DIRECT_OBJC_ISA_USAGE = YES_ERROR;
				CLANG_WARN_DOCUMENTATION_COMMENTS = YES;
				CLANG_WARN_EMPTY_BODY = YES;
				CLANG_WARN_ENUM_CONVERSION = YES;
				CLANG_WARN_INFINITE_RECURSION = YES;
				CLANG_WARN_INT_CONVERSION = YES;
				CLANG_WARN_NON_LITERAL_NULL_CONVERSION = YES;
				CLANG_WARN_OBJC_IMPLICIT_RETAIN_SELF = YES;
				CLANG_WARN_OBJC_LITERAL_CONVERSION = YES;
				CLANG_WARN_OBJC_ROOT_CLASS = YES_ERROR;
				CLANG_WARN_RANGE_LOOP_ANALYSIS = YES;
				CLANG_WARN_STRICT_PROTOTYPES = YES;
				CLANG_WARN_SUSPICIOUS_MOVE = YES;
				CLANG_WARN_UNGUARDED_AVAILABILITY = YES_AGGRESSIVE;
				CLANG_WARN_UNREACHABLE_CODE = YES;
				CLANG_WARN__DUPLICATE_METHOD_MATCH = YES;
				COPY_PHASE_STRIP = NO;
				DEBUG_INFORMATION_FORMAT = dwarf;
				ENABLE_STRICT_OBJC_MSGSEND = YES;
				ENABLE_TESTABILITY = YES;
				GCC_C_LANGUAGE_STANDARD = gnu11;
				GCC_DYNAMIC_NO_PIC = NO;
				GCC_NO_COMMON_BLOCKS = YES;
				GCC_OPTIMIZATION_LEVEL = 0;
				GCC_PREPROCESSOR_DEFINITIONS = (
					"DEBUG=1",
					"$(inherited)",
				);
				GCC_WARN_64_TO_32_BIT_CONVERSION = YES;
				GCC_WARN_ABOUT_RETURN_TYPE = YES_ERROR;
				GCC_WARN_UNDECLARED_SELECTOR = YES;
				GCC_WARN_UNINITIALIZED_AUTOS = YES_AGGRESSIVE;
				GCC_WARN_UNUSED_FUNCTION = YES;
				GCC_WARN_UNUSED_VARIABLE = YES;
				IPHONEOS_DEPLOYMENT_TARGET = 13.7;
				MTL_ENABLE_DEBUG_INFO = INCLUDE_SOURCE;
				MTL_FAST_MATH = YES;
				ONLY_ACTIVE_ARCH = YES;
				SDKROOT = iphoneos;
				SWIFT_ACTIVE_COMPILATION_CONDITIONS = DEBUG;
				SWIFT_OPTIMIZATION_LEVEL = "-Onone";
			};
			name = Debug;
		};
		75519732250A8AE50084C4AD /* Release */ = {
			isa = XCBuildConfiguration;
			buildSettings = {
				ALWAYS_SEARCH_USER_PATHS = NO;
				CLANG_ANALYZER_NONNULL = YES;
				CLANG_ANALYZER_NUMBER_OBJECT_CONVERSION = YES_AGGRESSIVE;
				CLANG_CXX_LANGUAGE_STANDARD = "gnu++14";
				CLANG_CXX_LIBRARY = "libc++";
				CLANG_ENABLE_MODULES = YES;
				CLANG_ENABLE_OBJC_ARC = YES;
				CLANG_ENABLE_OBJC_WEAK = YES;
				CLANG_WARN_BLOCK_CAPTURE_AUTORELEASING = YES;
				CLANG_WARN_BOOL_CONVERSION = YES;
				CLANG_WARN_COMMA = YES;
				CLANG_WARN_CONSTANT_CONVERSION = YES;
				CLANG_WARN_DEPRECATED_OBJC_IMPLEMENTATIONS = YES;
				CLANG_WARN_DIRECT_OBJC_ISA_USAGE = YES_ERROR;
				CLANG_WARN_DOCUMENTATION_COMMENTS = YES;
				CLANG_WARN_EMPTY_BODY = YES;
				CLANG_WARN_ENUM_CONVERSION = YES;
				CLANG_WARN_INFINITE_RECURSION = YES;
				CLANG_WARN_INT_CONVERSION = YES;
				CLANG_WARN_NON_LITERAL_NULL_CONVERSION = YES;
				CLANG_WARN_OBJC_IMPLICIT_RETAIN_SELF = YES;
				CLANG_WARN_OBJC_LITERAL_CONVERSION = YES;
				CLANG_WARN_OBJC_ROOT_CLASS = YES_ERROR;
				CLANG_WARN_RANGE_LOOP_ANALYSIS = YES;
				CLANG_WARN_STRICT_PROTOTYPES = YES;
				CLANG_WARN_SUSPICIOUS_MOVE = YES;
				CLANG_WARN_UNGUARDED_AVAILABILITY = YES_AGGRESSIVE;
				CLANG_WARN_UNREACHABLE_CODE = YES;
				CLANG_WARN__DUPLICATE_METHOD_MATCH = YES;
				COPY_PHASE_STRIP = NO;
				DEBUG_INFORMATION_FORMAT = "dwarf-with-dsym";
				ENABLE_NS_ASSERTIONS = NO;
				ENABLE_STRICT_OBJC_MSGSEND = YES;
				GCC_C_LANGUAGE_STANDARD = gnu11;
				GCC_NO_COMMON_BLOCKS = YES;
				GCC_WARN_64_TO_32_BIT_CONVERSION = YES;
				GCC_WARN_ABOUT_RETURN_TYPE = YES_ERROR;
				GCC_WARN_UNDECLARED_SELECTOR = YES;
				GCC_WARN_UNINITIALIZED_AUTOS = YES_AGGRESSIVE;
				GCC_WARN_UNUSED_FUNCTION = YES;
				GCC_WARN_UNUSED_VARIABLE = YES;
				IPHONEOS_DEPLOYMENT_TARGET = 13.7;
				MTL_ENABLE_DEBUG_INFO = NO;
				MTL_FAST_MATH = YES;
				SDKROOT = iphoneos;
				SWIFT_COMPILATION_MODE = wholemodule;
				SWIFT_OPTIMIZATION_LEVEL = "-O";
				VALIDATE_PRODUCT = YES;
			};
			name = Release;
		};
		75519734250A8AE50084C4AD /* Debug */ = {
			isa = XCBuildConfiguration;
			buildSettings = {
				ASSETCATALOG_COMPILER_APPICON_NAME = AppIcon;
				CODE_SIGN_STYLE = Automatic;
				DEVELOPMENT_TEAM = G97R3KR773;
				INFOPLIST_FILE = TableVIewHomework/Info.plist;
				LD_RUNPATH_SEARCH_PATHS = (
					"$(inherited)",
					"@executable_path/Frameworks",
				);
				PRODUCT_BUNDLE_IDENTIFIER = Markov.TableVIewHomework;
				PRODUCT_NAME = "$(TARGET_NAME)";
				SWIFT_VERSION = 5.0;
				TARGETED_DEVICE_FAMILY = "1,2";
			};
			name = Debug;
		};
		75519735250A8AE50084C4AD /* Release */ = {
			isa = XCBuildConfiguration;
			buildSettings = {
				ASSETCATALOG_COMPILER_APPICON_NAME = AppIcon;
				CODE_SIGN_STYLE = Automatic;
				DEVELOPMENT_TEAM = G97R3KR773;
				INFOPLIST_FILE = TableVIewHomework/Info.plist;
				LD_RUNPATH_SEARCH_PATHS = (
					"$(inherited)",
					"@executable_path/Frameworks",
				);
				PRODUCT_BUNDLE_IDENTIFIER = Markov.TableVIewHomework;
				PRODUCT_NAME = "$(TARGET_NAME)";
				SWIFT_VERSION = 5.0;
				TARGETED_DEVICE_FAMILY = "1,2";
			};
			name = Release;
		};
/* End XCBuildConfiguration section */

/* Begin XCConfigurationList section */
		7551971A250A8ADF0084C4AD /* Build configuration list for PBXProject "TableVIewHomework" */ = {
			isa = XCConfigurationList;
			buildConfigurations = (
				75519731250A8AE50084C4AD /* Debug */,
				75519732250A8AE50084C4AD /* Release */,
			);
			defaultConfigurationIsVisible = 0;
			defaultConfigurationName = Release;
		};
		75519733250A8AE50084C4AD /* Build configuration list for PBXNativeTarget "TableVIewHomework" */ = {
			isa = XCConfigurationList;
			buildConfigurations = (
				75519734250A8AE50084C4AD /* Debug */,
				75519735250A8AE50084C4AD /* Release */,
			);
			defaultConfigurationIsVisible = 0;
			defaultConfigurationName = Release;
		};
/* End XCConfigurationList section */
	};
	rootObject = 75519717250A8ADF0084C4AD /* Project object */;
}
